{
  "name": "pea11y",
  "version": "1.0.0",
  "lockfileVersion": 1,
  "requires": true,
  "dependencies": {
    "@pea11y/snippet": {
      "version": "file:lib/snippet/pea11y-snippet-1.0.0.tgz",
      "integrity": "sha512-ERcdFkK2YBZ0O32N/x3yYIpIjxs2q52SrXZtiATtQ50qbgaSbDWCMQWrTZyaLXACTlrEYeY87vJdV5Z32an84A==",
      "requires": {
        "prismjs": "1.15.0"
      }
    },
    "@pea11y/uxstars": {
      "version": "file:lib/uxstars/pea11y-uxstars-1.0.0.tgz",
      "integrity": "sha512-rAO2PfvW1IATrZDRe7W9TOoG7cYZre+eL7i5h32EVaM99ExxHUuvdPFIfJuMqo4a+2OMgZek8XuZF3+nofEevQ=="
    },
    "clipboard": {
      "version": "2.0.1",
      "resolved": "http://artefact-repo.pole-emploi.intra:80/artifactory/api/npm/npm-public/clipboard/-/clipboard-2.0.1.tgz",
      "integrity": "sha1-oSSB4cE9ilD18DawVg/l0W105Go=",
      "optional": true,
      "requires": {
        "good-listener": "^1.2.2",
        "select": "^1.1.2",
        "tiny-emitter": "^2.0.0"
      }
    },
    "delegate": {
      "version": "3.2.0",
      "resolved": "http://artefact-repo.pole-emploi.intra:80/artifactory/api/npm/npm-public/delegate/-/delegate-3.2.0.tgz",
      "integrity": "sha1-tmtxwxWFIuirV0T3INjKDCr1kWY=",
      "optional": true
    },
    "good-listener": {
      "version": "1.2.2",
      "resolved": "http://artefact-repo.pole-emploi.intra:80/artifactory/api/npm/npm-public/good-listener/-/good-listener-1.2.2.tgz",
      "integrity": "sha1-1TswzfkxPf+33JoNR3CWqm0UXFA=",
      "optional": true,
      "requires": {
        "delegate": "^3.1.2"
      }
    },
    "jquery": {
      "version": "3.3.1",
      "resolved": "http://artefact-repo.pole-emploi.intra:80/artifactory/api/npm/npm-public/jquery/-/jquery-3.3.1.tgz",
      "integrity": "sha1-lYzinoHJeQ8xvneS311NlfxX+8o=",
      "dev": true
    },
    "prismjs": {
      "version": "1.15.0",
      "resolved": "http://artefact-repo.pole-emploi.intra:80/artifactory/api/npm/npm-public/prismjs/-/prismjs-1.15.0.tgz",
      "integrity": "sha1-iAHTMuRyCRuo3vlJdsiHetYDmNk=",
      "requires": {
        "clipboard": "^2.0.0"
      }
    },
    "select": {
      "version": "1.1.2",
      "resolved": "http://artefact-repo.pole-emploi.intra:80/artifactory/api/npm/npm-public/select/-/select-1.1.2.tgz",
      "integrity": "sha1-DnNQrN7ICxEIUoeG7B1EGNEbOW0=",
      "optional": true
    },
    "tiny-emitter": {
      "version": "2.0.2",
      "resolved": "http://artefact-repo.pole-emploi.intra:80/artifactory/api/npm/npm-public/tiny-emitter/-/tiny-emitter-2.0.2.tgz",
      "integrity": "sha1-gtJ0aKylrejl/R5tIrV91D69+3w=",
      "optional": true
    }
  }
}
