{
  "name": "@pe-a11y/web-components",
  "version": "1.0.1",
  "lockfileVersion": 1,
  "requires": true,
  "dependencies": {
    "@stencil/core": {
      "version": "2.17.4",
      "resolved": "http://artefact-repo.pole-emploi.intra:80/artifactory/api/npm/npm-public/@stencil/core/-/core-2.17.4.tgz",
      "integrity": "sha512-SGRlHpjV1RyFvzw6jFMVKpLNox9Eds3VvpbpD2SW9CuxdLonHDSFtQks5zmT4zs1Rse9I6kFc2mFK/dHNTalkg==",
      "dev": true
    },
    "@stencil/router": {
      "version": "0.3.3",
      "resolved": "http://artefact-repo.pole-emploi.intra:80/artifactory/api/npm/npm-public/@stencil/router/-/router-0.3.3.tgz",
      "integrity": "sha1-5OD+bn/1U4MulaxQucLDSpi0V6g=",
      "dev": true,
      "requires": {
        "@stencil/state-tunnel": "0.0.9-1"
      }
    },
    "@stencil/state-tunnel": {
      "version": "0.0.9-1",
      "resolved": "http://artefact-repo.pole-emploi.intra:80/artifactory/api/npm/npm-public/@stencil/state-tunnel/-/state-tunnel-0.0.9-1.tgz",
      "integrity": "sha1-Fby1aXefxcpP+8SJ1X5MB2RX7v0=",
      "dev": true
    },
    "babel-runtime": {
      "version": "6.26.0",
      "resolved": "http://artefact-repo.pole-emploi.intra:80/artifactory/api/npm/npm-public/babel-runtime/-/babel-runtime-6.26.0.tgz",
      "integrity": "sha1-llxwWGaOgrVde/4E/yM3vItWR/4=",
      "dev": true,
      "requires": {
        "core-js": "^2.4.0",
        "regenerator-runtime": "^0.11.0"
      }
    },
    "balanced-match": {
      "version": "1.0.0",
      "resolved": "http://artefact-repo.pole-emploi.intra:80/artifactory/api/npm/npm-public/balanced-match/-/balanced-match-1.0.0.tgz",
      "integrity": "sha1-ibTRmasr7kneFk6gK4nORi1xt2c=",
      "dev": true
    },
    "brace-expansion": {
      "version": "1.1.11",
      "resolved": "http://artefact-repo.pole-emploi.intra:80/artifactory/api/npm/npm-public/brace-expansion/-/brace-expansion-1.1.11.tgz",
      "integrity": "sha1-PH/L9SnYcibz0vUrlm/1Jx60Qd0=",
      "dev": true,
      "requires": {
        "balanced-match": "^1.0.0",
        "concat-map": "0.0.1"
      }
    },
    "common-tags": {
      "version": "1.8.0",
      "resolved": "http://artefact-repo.pole-emploi.intra:80/artifactory/api/npm/npm-public/common-tags/-/common-tags-1.8.0.tgz",
      "integrity": "sha1-jjFT5ULUo56bEFVENK+q+YlWqTc=",
      "dev": true
    },
    "concat-map": {
      "version": "0.0.1",
      "resolved": "http://artefact-repo.pole-emploi.intra:80/artifactory/api/npm/npm-public/concat-map/-/concat-map-0.0.1.tgz",
      "integrity": "sha1-2Klr13/Wjfd5OnMDajug1UBdR3s=",
      "dev": true
    },
    "core-js": {
      "version": "2.6.5",
      "resolved": "http://artefact-repo.pole-emploi.intra:80/artifactory/api/npm/npm-public/core-js/-/core-js-2.6.5.tgz",
      "integrity": "sha1-RLyNJJ5/sv9dAOA0Gn/7lPv2eJU=",
      "dev": true
    },
    "fs-extra": {
      "version": "4.0.3",
      "resolved": "http://artefact-repo.pole-emploi.intra:80/artifactory/api/npm/npm-public/fs-extra/-/fs-extra-4.0.3.tgz",
      "integrity": "sha1-DYUhIuW8W+tFP7Ao6cDJvzY0DJQ=",
      "dev": true,
      "requires": {
        "graceful-fs": "^4.1.2",
        "jsonfile": "^4.0.0",
        "universalify": "^0.1.0"
      }
    },
    "fs.realpath": {
      "version": "1.0.0",
      "resolved": "http://artefact-repo.pole-emploi.intra:80/artifactory/api/npm/npm-public/fs.realpath/-/fs.realpath-1.0.0.tgz",
      "integrity": "sha1-FQStJSMVjKpA20onh8sBQRmU6k8=",
      "dev": true
    },
    "glob": {
      "version": "7.1.3",
      "resolved": "http://artefact-repo.pole-emploi.intra:80/artifactory/api/npm/npm-public/glob/-/glob-7.1.3.tgz",
      "integrity": "sha1-OWCDLT8VdBCDQtr9OmezMsCWnfE=",
      "dev": true,
      "requires": {
        "fs.realpath": "^1.0.0",
        "inflight": "^1.0.4",
        "inherits": "2",
        "minimatch": "^3.0.4",
        "once": "^1.3.0",
        "path-is-absolute": "^1.0.0"
      }
    },
    "graceful-fs": {
      "version": "4.1.15",
      "resolved": "http://artefact-repo.pole-emploi.intra:80/artifactory/api/npm/npm-public/graceful-fs/-/graceful-fs-4.1.15.tgz",
      "integrity": "sha1-/7cD4QZuig7qpMi4C6klPu77+wA=",
      "dev": true
    },
    "hoek": {
      "version": "4.2.1",
      "resolved": "http://artefact-repo.pole-emploi.intra:80/artifactory/api/npm/npm-public/hoek/-/hoek-4.2.1.tgz",
      "integrity": "sha1-ljRQKqEsRF3Vp8VzS1cruHOKrLs=",
      "dev": true
    },
    "inflight": {
      "version": "1.0.6",
      "resolved": "http://artefact-repo.pole-emploi.intra:80/artifactory/api/npm/npm-public/inflight/-/inflight-1.0.6.tgz",
      "integrity": "sha1-Sb1jMdfQLQwJvJEKEHW6gWW1bfk=",
      "dev": true,
      "requires": {
        "once": "^1.3.0",
        "wrappy": "1"
      }
    },
    "inherits": {
      "version": "2.0.3",
      "resolved": "http://artefact-repo.pole-emploi.intra:80/artifactory/api/npm/npm-public/inherits/-/inherits-2.0.3.tgz",
      "integrity": "sha1-Yzwsg+PaQqUC9SRmAiSA9CCCYd4=",
      "dev": true
    },
    "isemail": {
      "version": "3.2.0",
      "resolved": "http://artefact-repo.pole-emploi.intra:80/artifactory/api/npm/npm-public/isemail/-/isemail-3.2.0.tgz",
      "integrity": "sha1-WTEKAhkxqfsGu7UeFVzgs/I2gyw=",
      "dev": true,
      "requires": {
        "punycode": "2.x.x"
      }
    },
    "joi": {
      "version": "11.4.0",
      "resolved": "http://artefact-repo.pole-emploi.intra:80/artifactory/api/npm/npm-public/joi/-/joi-11.4.0.tgz",
      "integrity": "sha1-9nSJdTe2JemsPQt+FgTIKK2RPMs=",
      "dev": true,
      "requires": {
        "hoek": "4.x.x",
        "isemail": "3.x.x",
        "topo": "2.x.x"
      }
    },
    "jsonfile": {
      "version": "4.0.0",
      "resolved": "http://artefact-repo.pole-emploi.intra:80/artifactory/api/npm/npm-public/jsonfile/-/jsonfile-4.0.0.tgz",
      "integrity": "sha1-h3Gq4HmbZAdrdmQPygWPnBDjPss=",
      "dev": true,
      "requires": {
        "graceful-fs": "^4.1.6"
      }
    },
    "lodash._reinterpolate": {
      "version": "3.0.0",
      "resolved": "http://artefact-repo.pole-emploi.intra:80/artifactory/api/npm/npm-public/lodash._reinterpolate/-/lodash._reinterpolate-3.0.0.tgz",
      "integrity": "sha1-DM8tiRZq8Ds2Y8eWU4t1rG4RTZ0=",
      "dev": true
    },
    "lodash.template": {
      "version": "4.5.0",
      "resolved": "http://artefact-repo.pole-emploi.intra:80/artifactory/api/npm/npm-public/lodash.template/-/lodash.template-4.5.0.tgz",
      "integrity": "sha512-84vYFxIkmidUiFxidA/KjjH9pAycqW+h980j7Fuz5qxRtO9pgB7MDFTdys1N7A5mcucRiDyEq4fusljItR1T/A==",
      "dev": true,
      "requires": {
        "lodash._reinterpolate": "^3.0.0",
        "lodash.templatesettings": "^4.0.0"
      }
    },
    "lodash.templatesettings": {
      "version": "4.1.0",
      "resolved": "http://artefact-repo.pole-emploi.intra:80/artifactory/api/npm/npm-public/lodash.templatesettings/-/lodash.templatesettings-4.1.0.tgz",
      "integrity": "sha1-K01OlbpEDZFf8IvImeRVNmZxMxY=",
      "dev": true,
      "requires": {
        "lodash._reinterpolate": "~3.0.0"
      }
    },
    "minimatch": {
      "version": "3.0.4",
      "resolved": "http://artefact-repo.pole-emploi.intra:80/artifactory/api/npm/npm-public/minimatch/-/minimatch-3.0.4.tgz",
      "integrity": "sha1-UWbihkV/AzBgZL5Ul+jbsMPTIIM=",
      "dev": true,
      "requires": {
        "brace-expansion": "^1.1.7"
      }
    },
    "once": {
      "version": "1.4.0",
      "resolved": "http://artefact-repo.pole-emploi.intra:80/artifactory/api/npm/npm-public/once/-/once-1.4.0.tgz",
      "integrity": "sha1-WDsap3WWHUsROsF9nFC6753Xa9E=",
      "dev": true,
      "requires": {
        "wrappy": "1"
      }
    },
    "path-is-absolute": {
      "version": "1.0.1",
      "resolved": "http://artefact-repo.pole-emploi.intra:80/artifactory/api/npm/npm-public/path-is-absolute/-/path-is-absolute-1.0.1.tgz",
      "integrity": "sha1-F0uSaHNVNP+8es5r9TpanhtcX18=",
      "dev": true
    },
    "popper.js": {
      "version": "1.14.7",
      "resolved": "http://artefact-repo.pole-emploi.intra:80/artifactory/api/npm/npm-public/popper.js/-/popper.js-1.14.7.tgz",
      "integrity": "sha1-4x7AbPrGqXpTKAw+VeTgyGDnc44="
    },
    "pretty-bytes": {
      "version": "4.0.2",
      "resolved": "http://artefact-repo.pole-emploi.intra:80/artifactory/api/npm/npm-public/pretty-bytes/-/pretty-bytes-4.0.2.tgz",
      "integrity": "sha1-sr+C5zUNZcbDOqlaqlpPYyf2HNk=",
      "dev": true
    },
    "prismjs": {
      "version": "1.29.0",
      "resolved": "http://artefact-repo.pole-emploi.intra:80/artifactory/api/npm/npm-public/prismjs/-/prismjs-1.29.0.tgz",
      "integrity": "sha512-Kx/1w86q/epKcmte75LNrEoT+lX8pBpavuAbvJWRXar7Hz8jrtF+e3vY751p0R8H9HdArwaCTNDDzHg/ScJK1Q==",
      "dev": true
    },
    "punycode": {
      "version": "2.1.1",
      "resolved": "http://artefact-repo.pole-emploi.intra:80/artifactory/api/npm/npm-public/punycode/-/punycode-2.1.1.tgz",
      "integrity": "sha1-tYsBCsQMIsVldhbI0sLALHv0eew=",
      "dev": true
    },
    "regenerator-runtime": {
      "version": "0.11.1",
      "resolved": "http://artefact-repo.pole-emploi.intra:80/artifactory/api/npm/npm-public/regenerator-runtime/-/regenerator-runtime-0.11.1.tgz",
      "integrity": "sha1-vgWtf5v30i4Fb5cmzuUBf78Z4uk=",
      "dev": true
    },
    "topo": {
      "version": "2.0.2",
      "resolved": "http://artefact-repo.pole-emploi.intra:80/artifactory/api/npm/npm-public/topo/-/topo-2.0.2.tgz",
      "integrity": "sha1-zVYVdSU5BXwNwEkaYhw7xvvh0YI=",
      "dev": true,
      "requires": {
        "hoek": "4.x.x"
      }
    },
    "universalify": {
      "version": "0.1.2",
      "resolved": "http://artefact-repo.pole-emploi.intra:80/artifactory/api/npm/npm-public/universalify/-/universalify-0.1.2.tgz",
      "integrity": "sha1-tkb2m+OULavOzJ1mOcgNwQXvqmY=",
      "dev": true
    },
    "workbox-background-sync": {
      "version": "3.6.3",
      "resolved": "http://artefact-repo.pole-emploi.intra:80/artifactory/api/npm/npm-public/workbox-background-sync/-/workbox-background-sync-3.6.3.tgz",
      "integrity": "sha1-Zgmg+sntozanxS5qoie6KuUyrZQ=",
      "dev": true,
      "requires": {
        "workbox-core": "^3.6.3"
      }
    },
    "workbox-broadcast-cache-update": {
      "version": "3.6.3",
      "resolved": "http://artefact-repo.pole-emploi.intra:80/artifactory/api/npm/npm-public/workbox-broadcast-cache-update/-/workbox-broadcast-cache-update-3.6.3.tgz",
      "integrity": "sha1-P13/Iq2oyT45f7OMHcEAYGp7kto=",
      "dev": true,
      "requires": {
        "workbox-core": "^3.6.3"
      }
    },
    "workbox-build": {
      "version": "3.4.1",
      "resolved": "http://artefact-repo.pole-emploi.intra:80/artifactory/api/npm/npm-public/workbox-build/-/workbox-build-3.4.1.tgz",
      "integrity": "sha1-Za9MgbBdrGoYGciLiiqUTd9c7AQ=",
      "dev": true,
      "requires": {
        "babel-runtime": "^6.26.0",
        "common-tags": "^1.4.0",
        "fs-extra": "^4.0.2",
        "glob": "^7.1.2",
        "joi": "^11.1.1",
        "lodash.template": "^4.4.0",
        "pretty-bytes": "^4.0.2",
        "workbox-background-sync": "^3.4.1",
        "workbox-broadcast-cache-update": "^3.4.1",
        "workbox-cache-expiration": "^3.4.1",
        "workbox-cacheable-response": "^3.4.1",
        "workbox-core": "^3.4.1",
        "workbox-google-analytics": "^3.4.1",
        "workbox-navigation-preload": "^3.4.1",
        "workbox-precaching": "^3.4.1",
        "workbox-range-requests": "^3.4.1",
        "workbox-routing": "^3.4.1",
        "workbox-strategies": "^3.4.1",
        "workbox-streams": "^3.4.1",
        "workbox-sw": "^3.4.1"
      }
    },
    "workbox-cache-expiration": {
      "version": "3.6.3",
      "resolved": "http://artefact-repo.pole-emploi.intra:80/artifactory/api/npm/npm-public/workbox-cache-expiration/-/workbox-cache-expiration-3.6.3.tgz",
      "integrity": "sha1-SBlpclSnIJihP5S1lDJaKKHpA3I=",
      "dev": true,
      "requires": {
        "workbox-core": "^3.6.3"
      }
    },
    "workbox-cacheable-response": {
      "version": "3.6.3",
      "resolved": "http://artefact-repo.pole-emploi.intra:80/artifactory/api/npm/npm-public/workbox-cacheable-response/-/workbox-cacheable-response-3.6.3.tgz",
      "integrity": "sha1-hp8aaPzpBj9oad2/f6Ci4Khos6o=",
      "dev": true,
      "requires": {
        "workbox-core": "^3.6.3"
      }
    },
    "workbox-core": {
      "version": "3.6.3",
      "resolved": "http://artefact-repo.pole-emploi.intra:80/artifactory/api/npm/npm-public/workbox-core/-/workbox-core-3.6.3.tgz",
      "integrity": "sha1-aau6cKTz8qXAWSlabzt8Yr0A4Vw=",
      "dev": true
    },
    "workbox-google-analytics": {
      "version": "3.6.3",
      "resolved": "http://artefact-repo.pole-emploi.intra:80/artifactory/api/npm/npm-public/workbox-google-analytics/-/workbox-google-analytics-3.6.3.tgz",
      "integrity": "sha1-md8qPXDW6Rlh4YpnUrrBLpH79yc=",
      "dev": true,
      "requires": {
        "workbox-background-sync": "^3.6.3",
        "workbox-core": "^3.6.3",
        "workbox-routing": "^3.6.3",
        "workbox-strategies": "^3.6.3"
      }
    },
    "workbox-navigation-preload": {
      "version": "3.6.3",
      "resolved": "http://artefact-repo.pole-emploi.intra:80/artifactory/api/npm/npm-public/workbox-navigation-preload/-/workbox-navigation-preload-3.6.3.tgz",
      "integrity": "sha1-osNOt8F+dIW3lRJQkSFfdXs8SWQ=",
      "dev": true,
      "requires": {
        "workbox-core": "^3.6.3"
      }
    },
    "workbox-precaching": {
      "version": "3.6.3",
      "resolved": "http://artefact-repo.pole-emploi.intra:80/artifactory/api/npm/npm-public/workbox-precaching/-/workbox-precaching-3.6.3.tgz",
      "integrity": "sha1-U0FRXp1YcsWO3gJqMeGbr6+k4cE=",
      "dev": true,
      "requires": {
        "workbox-core": "^3.6.3"
      }
    },
    "workbox-range-requests": {
      "version": "3.6.3",
      "resolved": "http://artefact-repo.pole-emploi.intra:80/artifactory/api/npm/npm-public/workbox-range-requests/-/workbox-range-requests-3.6.3.tgz",
      "integrity": "sha1-PMIcujHy3YxDxSoZa8yPbNvN6AM=",
      "dev": true,
      "requires": {
        "workbox-core": "^3.6.3"
      }
    },
    "workbox-routing": {
      "version": "3.6.3",
      "resolved": "http://artefact-repo.pole-emploi.intra:80/artifactory/api/npm/npm-public/workbox-routing/-/workbox-routing-3.6.3.tgz",
      "integrity": "sha1-ZZzY+SdJhs+pj9oNBQ3mQiB1rPc=",
      "dev": true,
      "requires": {
        "workbox-core": "^3.6.3"
      }
    },
    "workbox-strategies": {
      "version": "3.6.3",
      "resolved": "http://artefact-repo.pole-emploi.intra:80/artifactory/api/npm/npm-public/workbox-strategies/-/workbox-strategies-3.6.3.tgz",
      "integrity": "sha1-EaDcJJp7wj00ZewTItKPpmQ9ZKA=",
      "dev": true,
      "requires": {
        "workbox-core": "^3.6.3"
      }
    },
    "workbox-streams": {
      "version": "3.6.3",
      "resolved": "http://artefact-repo.pole-emploi.intra:80/artifactory/api/npm/npm-public/workbox-streams/-/workbox-streams-3.6.3.tgz",
      "integrity": "sha1-vq6l1bIwI5g2zDJ7B9RxqmEBlVo=",
      "dev": true,
      "requires": {
        "workbox-core": "^3.6.3"
      }
    },
    "workbox-sw": {
      "version": "3.6.3",
      "resolved": "http://artefact-repo.pole-emploi.intra:80/artifactory/api/npm/npm-public/workbox-sw/-/workbox-sw-3.6.3.tgz",
      "integrity": "sha1-J46kwYMbkrvi1CDag5kXbEsnif8=",
      "dev": true
    },
    "wrappy": {
      "version": "1.0.2",
      "resolved": "http://artefact-repo.pole-emploi.intra:80/artifactory/api/npm/npm-public/wrappy/-/wrappy-1.0.2.tgz",
      "integrity": "sha1-tSQ9jz7BqjXxNkYFvA0QNuMKtp8=",
      "dev": true
    }
  }
}
