{
  "name": "pea11y",
  "version": "1.0.0",
  "lockfileVersion": 1,
  "requires": true,
  "dependencies": {
    "@pea11y/uxstars": {
      "version": "file:lib/uxstars/pea11y-uxstars-1.0.0.tgz",
      "integrity": "sha512-l7Z+gFjz4B6aKyKGWG+SuRH+AvElYLt50456lD0L313cqDoE3h0oX/FS/8SKplwMmh8iFRchTfiNt7Jz0Q2yBw=="
    },
    "jquery": {
      "version": "3.3.1",
      "resolved": "http://artefact-repo.pole-emploi.intra:80/artifactory/api/npm/npm-public/jquery/-/jquery-3.3.1.tgz",
      "integrity": "sha1-lYzinoHJeQ8xvneS311NlfxX+8o=",
      "dev": true
    }
  }
}
